
Microsoft Visual Studio Solution File, Format Version 12.00
# Visual Studio 15
VisualStudioVersion = 15.0.27703.2035
MinimumVisualStudioVersion = 10.0.40219.1
Project("{FAE04EC0-301F-11D3-BF4B-00C04F79EFBC}") = "Lab02", "Lab02\Lab02.csproj", "{B47AF625-8540-4285-9934-8B18F44DDB87}"
EndProject
Global
	GlobalSection(SolutionConfigurationPlatforms) = preSolution
		Debug|Any CPU = Debug|Any CPU
		Release|Any CPU = Release|Any CPU
	EndGlobalSection
	GlobalSection(ProjectConfigurationPlatforms) = postSolution
		{B47AF625-8540-4285-9934-8B18F44DDB87}.Debug|Any CPU.ActiveCfg = Debug|Any CPU
		{B47AF625-8540-4285-9934-8B18F44DDB87}.Debug|Any CPU.Build.0 = Debug|Any CPU
		{B47AF625-8540-4285-9934-8B18F44DDB87}.Release|Any CPU.ActiveCfg = Release|Any CPU
		{B47AF625-8540-4285-9934-8B18F44DDB87}.Release|Any CPU.Build.0 = Release|Any CPU
	EndGlobalSection
	GlobalSection(SolutionProperties) = preSolution
		HideSolutionNode = FALSE
	EndGlobalSection
	GlobalSection(ExtensibilityGlobals) = postSolution
		SolutionGuid = {19C6454E-36D6-4A27-85CC-E9ADFE8B72C4}
	EndGlobalSection
EndGlobal
