
Microsoft Visual Studio Solution File, Format Version 12.00
# Visual Studio 15
VisualStudioVersion = 15.0.27703.2035
MinimumVisualStudioVersion = 10.0.40219.1
Project("{FAE04EC0-301F-11D3-BF4B-00C04F79EFBC}") = "OOPlecture01_3", "OOPlecture01_3\OOPlecture01_3.csproj", "{9C51B484-1694-4F7C-B8BE-6292603E2A14}"
EndProject
Global
	GlobalSection(SolutionConfigurationPlatforms) = preSolution
		Debug|Any CPU = Debug|Any CPU
		Release|Any CPU = Release|Any CPU
	EndGlobalSection
	GlobalSection(ProjectConfigurationPlatforms) = postSolution
		{9C51B484-1694-4F7C-B8BE-6292603E2A14}.Debug|Any CPU.ActiveCfg = Debug|Any CPU
		{9C51B484-1694-4F7C-B8BE-6292603E2A14}.Debug|Any CPU.Build.0 = Debug|Any CPU
		{9C51B484-1694-4F7C-B8BE-6292603E2A14}.Release|Any CPU.ActiveCfg = Release|Any CPU
		{9C51B484-1694-4F7C-B8BE-6292603E2A14}.Release|Any CPU.Build.0 = Release|Any CPU
	EndGlobalSection
	GlobalSection(SolutionProperties) = preSolution
		HideSolutionNode = FALSE
	EndGlobalSection
	GlobalSection(ExtensibilityGlobals) = postSolution
		SolutionGuid = {7005D7A6-79C0-436F-9E80-441DA85BE514}
	EndGlobalSection
EndGlobal
