
Microsoft Visual Studio Solution File, Format Version 12.00
# Visual Studio 15
VisualStudioVersion = 15.0.27703.2035
MinimumVisualStudioVersion = 10.0.40219.1
Project("{FAE04EC0-301F-11D3-BF4B-00C04F79EFBC}") = "OOPLecture09", "OOPLecture09\OOPLecture09.csproj", "{82107D5C-D7CA-46E0-8343-6B57E7BD755A}"
EndProject
Global
	GlobalSection(SolutionConfigurationPlatforms) = preSolution
		Debug|Any CPU = Debug|Any CPU
		Release|Any CPU = Release|Any CPU
	EndGlobalSection
	GlobalSection(ProjectConfigurationPlatforms) = postSolution
		{82107D5C-D7CA-46E0-8343-6B57E7BD755A}.Debug|Any CPU.ActiveCfg = Debug|Any CPU
		{82107D5C-D7CA-46E0-8343-6B57E7BD755A}.Debug|Any CPU.Build.0 = Debug|Any CPU
		{82107D5C-D7CA-46E0-8343-6B57E7BD755A}.Release|Any CPU.ActiveCfg = Release|Any CPU
		{82107D5C-D7CA-46E0-8343-6B57E7BD755A}.Release|Any CPU.Build.0 = Release|Any CPU
	EndGlobalSection
	GlobalSection(SolutionProperties) = preSolution
		HideSolutionNode = FALSE
	EndGlobalSection
	GlobalSection(ExtensibilityGlobals) = postSolution
		SolutionGuid = {A8296D6E-D988-499B-B482-6AF89BBAC155}
	EndGlobalSection
EndGlobal
