
Microsoft Visual Studio Solution File, Format Version 12.00
# Visual Studio 15
VisualStudioVersion = 15.0.27703.2035
MinimumVisualStudioVersion = 10.0.40219.1
Project("{FAE04EC0-301F-11D3-BF4B-00C04F79EFBC}") = "Lab01_2", "Lab01_2\Lab01_2.csproj", "{66408CAE-A2DC-4E6E-A6AA-EB282EC75853}"
EndProject
Global
	GlobalSection(SolutionConfigurationPlatforms) = preSolution
		Debug|Any CPU = Debug|Any CPU
		Release|Any CPU = Release|Any CPU
	EndGlobalSection
	GlobalSection(ProjectConfigurationPlatforms) = postSolution
		{66408CAE-A2DC-4E6E-A6AA-EB282EC75853}.Debug|Any CPU.ActiveCfg = Debug|Any CPU
		{66408CAE-A2DC-4E6E-A6AA-EB282EC75853}.Debug|Any CPU.Build.0 = Debug|Any CPU
		{66408CAE-A2DC-4E6E-A6AA-EB282EC75853}.Release|Any CPU.ActiveCfg = Release|Any CPU
		{66408CAE-A2DC-4E6E-A6AA-EB282EC75853}.Release|Any CPU.Build.0 = Release|Any CPU
	EndGlobalSection
	GlobalSection(SolutionProperties) = preSolution
		HideSolutionNode = FALSE
	EndGlobalSection
	GlobalSection(ExtensibilityGlobals) = postSolution
		SolutionGuid = {ED95EFD4-1665-426D-AE3F-D3EB9D706021}
	EndGlobalSection
EndGlobal
