
Microsoft Visual Studio Solution File, Format Version 12.00
# Visual Studio 15
VisualStudioVersion = 15.0.27703.2035
MinimumVisualStudioVersion = 10.0.40219.1
Project("{FAE04EC0-301F-11D3-BF4B-00C04F79EFBC}") = "OOPlecture04", "OOPlecture04\OOPlecture04.csproj", "{F43E1F59-7836-45F2-A509-707BDCC3AA2A}"
EndProject
Global
	GlobalSection(SolutionConfigurationPlatforms) = preSolution
		Debug|Any CPU = Debug|Any CPU
		Release|Any CPU = Release|Any CPU
	EndGlobalSection
	GlobalSection(ProjectConfigurationPlatforms) = postSolution
		{F43E1F59-7836-45F2-A509-707BDCC3AA2A}.Debug|Any CPU.ActiveCfg = Debug|Any CPU
		{F43E1F59-7836-45F2-A509-707BDCC3AA2A}.Debug|Any CPU.Build.0 = Debug|Any CPU
		{F43E1F59-7836-45F2-A509-707BDCC3AA2A}.Release|Any CPU.ActiveCfg = Release|Any CPU
		{F43E1F59-7836-45F2-A509-707BDCC3AA2A}.Release|Any CPU.Build.0 = Release|Any CPU
	EndGlobalSection
	GlobalSection(SolutionProperties) = preSolution
		HideSolutionNode = FALSE
	EndGlobalSection
	GlobalSection(ExtensibilityGlobals) = postSolution
		SolutionGuid = {EF180B9A-7E3A-4239-A8E5-367A54E94BA8}
	EndGlobalSection
EndGlobal
