
Microsoft Visual Studio Solution File, Format Version 12.00
# Visual Studio 15
VisualStudioVersion = 15.0.27703.2035
MinimumVisualStudioVersion = 10.0.40219.1
Project("{FAE04EC0-301F-11D3-BF4B-00C04F79EFBC}") = "Lab04", "Lab04\Lab04.csproj", "{A9E3961A-F9ED-4759-BB51-0CA2B9427E40}"
EndProject
Global
	GlobalSection(SolutionConfigurationPlatforms) = preSolution
		Debug|Any CPU = Debug|Any CPU
		Release|Any CPU = Release|Any CPU
	EndGlobalSection
	GlobalSection(ProjectConfigurationPlatforms) = postSolution
		{A9E3961A-F9ED-4759-BB51-0CA2B9427E40}.Debug|Any CPU.ActiveCfg = Debug|Any CPU
		{A9E3961A-F9ED-4759-BB51-0CA2B9427E40}.Debug|Any CPU.Build.0 = Debug|Any CPU
		{A9E3961A-F9ED-4759-BB51-0CA2B9427E40}.Release|Any CPU.ActiveCfg = Release|Any CPU
		{A9E3961A-F9ED-4759-BB51-0CA2B9427E40}.Release|Any CPU.Build.0 = Release|Any CPU
	EndGlobalSection
	GlobalSection(SolutionProperties) = preSolution
		HideSolutionNode = FALSE
	EndGlobalSection
	GlobalSection(ExtensibilityGlobals) = postSolution
		SolutionGuid = {A3D249AC-D988-4C9E-8064-6A4DAEFB6C7D}
	EndGlobalSection
EndGlobal
