
Microsoft Visual Studio Solution File, Format Version 12.00
# Visual Studio 15
VisualStudioVersion = 15.0.27703.2035
MinimumVisualStudioVersion = 10.0.40219.1
Project("{FAE04EC0-301F-11D3-BF4B-00C04F79EFBC}") = "Premid01", "Premid01\Premid01.csproj", "{82BB391F-05CE-465F-AFD4-A7DF053608AD}"
EndProject
Global
	GlobalSection(SolutionConfigurationPlatforms) = preSolution
		Debug|Any CPU = Debug|Any CPU
		Release|Any CPU = Release|Any CPU
	EndGlobalSection
	GlobalSection(ProjectConfigurationPlatforms) = postSolution
		{82BB391F-05CE-465F-AFD4-A7DF053608AD}.Debug|Any CPU.ActiveCfg = Debug|Any CPU
		{82BB391F-05CE-465F-AFD4-A7DF053608AD}.Debug|Any CPU.Build.0 = Debug|Any CPU
		{82BB391F-05CE-465F-AFD4-A7DF053608AD}.Release|Any CPU.ActiveCfg = Release|Any CPU
		{82BB391F-05CE-465F-AFD4-A7DF053608AD}.Release|Any CPU.Build.0 = Release|Any CPU
	EndGlobalSection
	GlobalSection(SolutionProperties) = preSolution
		HideSolutionNode = FALSE
	EndGlobalSection
	GlobalSection(ExtensibilityGlobals) = postSolution
		SolutionGuid = {AF37C636-D8F6-40B6-9BEE-EFA079DDFEE9}
	EndGlobalSection
EndGlobal
