
Microsoft Visual Studio Solution File, Format Version 12.00
# Visual Studio 15
VisualStudioVersion = 15.0.27703.2035
MinimumVisualStudioVersion = 10.0.40219.1
Project("{FAE04EC0-301F-11D3-BF4B-00C04F79EFBC}") = "OOPtest5", "OOPtest5\OOPtest5.csproj", "{D1BD3CAD-DBB5-44C4-A817-0046F3C620B4}"
EndProject
Global
	GlobalSection(SolutionConfigurationPlatforms) = preSolution
		Debug|Any CPU = Debug|Any CPU
		Release|Any CPU = Release|Any CPU
	EndGlobalSection
	GlobalSection(ProjectConfigurationPlatforms) = postSolution
		{D1BD3CAD-DBB5-44C4-A817-0046F3C620B4}.Debug|Any CPU.ActiveCfg = Debug|Any CPU
		{D1BD3CAD-DBB5-44C4-A817-0046F3C620B4}.Debug|Any CPU.Build.0 = Debug|Any CPU
		{D1BD3CAD-DBB5-44C4-A817-0046F3C620B4}.Release|Any CPU.ActiveCfg = Release|Any CPU
		{D1BD3CAD-DBB5-44C4-A817-0046F3C620B4}.Release|Any CPU.Build.0 = Release|Any CPU
	EndGlobalSection
	GlobalSection(SolutionProperties) = preSolution
		HideSolutionNode = FALSE
	EndGlobalSection
	GlobalSection(ExtensibilityGlobals) = postSolution
		SolutionGuid = {CE1B2BEE-C67B-47E6-84AD-0D0A83123005}
	EndGlobalSection
EndGlobal
